// !$*UTF8*$!
{
	archiveVersion = 1;
	classes = {
	};
	objectVersion = 46;
	objects = {

/* Begin PBXAggregateTarget section */
		7876F571130D869900A79E01 /* AdHocDistribute */ = {
			isa = PBXAggregateTarget;
			buildConfigurationList = 7876F579130D86B900A79E01 /* Build configuration list for PBXAggregateTarget "AdHocDistribute" */;
			buildPhases = (
				7876F578130D86A600A79E01 /* ShellScript */,
			);
			dependencies = (
				78F938DC130DD147008FA485 /* PBXTargetDependency */,
			);
			name = AdHocDistribute;
			productName = AdHocDistribute;
		};
/* End PBXAggregateTarget section */

/* Begin PBXBuildFile section */
		1D3623260D0F684500981E51 /* AppDelegate.m in Sources */ = {isa = PBXBuildFile; fileRef = 1D3623250D0F684500981E51 /* AppDelegate.m */; };
		1D60589B0D05DD56006BFB54 /* main.m in Sources */ = {isa = PBXBuildFile; fileRef = 29B97316FDCFA39411CA2CEA /* main.m */; };
		1D60589F0D05DD5A006BFB54 /* Foundation.framework in Frameworks */ = {isa = PBXBuildFile; fileRef = 1D30AB110D05D00D00671497 /* Foundation.framework */; };
		1DF5F4E00D08C38300B7A737 /* UIKit.framework in Frameworks */ = {isa = PBXBuildFile; fileRef = 1DF5F4DF0D08C38300B7A737 /* UIKit.framework */; };
		2892E4100DC94CBA00A64D0F /* CoreGraphics.framework in Frameworks */ = {isa = PBXBuildFile; fileRef = 2892E40F0DC94CBA00A64D0F /* CoreGraphics.framework */; };
		28C286E10D94DF7D0034E888 /* RootViewController.m in Sources */ = {isa = PBXBuildFile; fileRef = 28C286E00D94DF7D0034E888 /* RootViewController.m */; };
		3994620C12C91F1D005574A6 /* CoreLocation.framework in Frameworks */ = {isa = PBXBuildFile; fileRef = 3994620B12C91F1D005574A6 /* CoreLocation.framework */; };
		3994621012C91F27005574A6 /* MapKit.framework in Frameworks */ = {isa = PBXBuildFile; fileRef = 3994620F12C91F27005574A6 /* MapKit.framework */; };
		39C917CF13983B890045489C /* DCCrossHairView.m in Sources */ = {isa = PBXBuildFile; fileRef = 39C917C713983B890045489C /* DCCrossHairView.m */; };
		39C917D013983B890045489C /* DCFrameView.m in Sources */ = {isa = PBXBuildFile; fileRef = 39C917C913983B890045489C /* DCFrameView.m */; };
		39C917D113983B890045489C /* DCIntrospect.m in Sources */ = {isa = PBXBuildFile; fileRef = 39C917CB13983B890045489C /* DCIntrospect.m */; };
		39C917D213983B890045489C /* DCStatusBarOverlay.m in Sources */ = {isa = PBXBuildFile; fileRef = 39C917CE13983B890045489C /* DCStatusBarOverlay.m */; };
		39C9181F1398E1950045489C /* Default.png in Resources */ = {isa = PBXBuildFile; fileRef = 39C9181E1398E1950045489C /* Default.png */; };
		39C9185B1398EBC40045489C /* PSWindow.m in Sources */ = {isa = PBXBuildFile; fileRef = 39C9185A1398EBC40045489C /* PSWindow.m */; };
		39F772A513B63DD9006E12AF /* PSBaseViewController.m in Sources */ = {isa = PBXBuildFile; fileRef = 39F772A413B63DD9006E12AF /* PSBaseViewController.m */; };
		7856A40C12B441D10025424F /* MobileCoreServices.framework in Frameworks */ = {isa = PBXBuildFile; fileRef = 7856A40B12B441D10025424F /* MobileCoreServices.framework */; };
		7856A40E12B441E00025424F /* SystemConfiguration.framework in Frameworks */ = {isa = PBXBuildFile; fileRef = 7856A40D12B441E00025424F /* SystemConfiguration.framework */; };
		7856A41412B441F40025424F /* libz.1.1.3.dylib in Frameworks */ = {isa = PBXBuildFile; fileRef = 7856A41312B441F40025424F /* libz.1.1.3.dylib */; };
		7856A41612B441FB0025424F /* AudioToolbox.framework in Frameworks */ = {isa = PBXBuildFile; fileRef = 7856A41512B441FB0025424F /* AudioToolbox.framework */; };
		7856A41812B442070025424F /* CFNetwork.framework in Frameworks */ = {isa = PBXBuildFile; fileRef = 7856A41712B442070025424F /* CFNetwork.framework */; };
		7856A41A12B4420E0025424F /* Security.framework in Frameworks */ = {isa = PBXBuildFile; fileRef = 7856A41912B4420E0025424F /* Security.framework */; };
		7856A45212B4445C0025424F /* CrashReporter.framework in Frameworks */ = {isa = PBXBuildFile; fileRef = 7856A44B12B4445C0025424F /* CrashReporter.framework */; };
		7856A45312B4445C0025424F /* CrashReportSender.m in Sources */ = {isa = PBXBuildFile; fileRef = 7856A44E12B4445C0025424F /* CrashReportSender.m */; };
		7856A45412B4445C0025424F /* CrashReporter.strings in Resources */ = {isa = PBXBuildFile; fileRef = 7856A44F12B4445C0025424F /* CrashReporter.strings */; };
		7856A47F12B444AD0025424F /* libPSFoundation.a in Frameworks */ = {isa = PBXBuildFile; fileRef = 7856A47E12B444A80025424F /* libPSFoundation.a */; };
		787BC4F612DB0C6E008DC03C /* JSONKit.m in Sources */ = {isa = PBXBuildFile; fileRef = 787BC4F512DB0C6E008DC03C /* JSONKit.m */; };
		7896675213322CC6004140D5 /* NSString+HockeyAdditions.m in Sources */ = {isa = PBXBuildFile; fileRef = 7896673E13322CC6004140D5 /* NSString+HockeyAdditions.m */; };
		7896675313322CC6004140D5 /* PSAppStoreHeader.m in Sources */ = {isa = PBXBuildFile; fileRef = 7896674013322CC6004140D5 /* PSAppStoreHeader.m */; };
		7896675413322CC6004140D5 /* PSStoreButton.m in Sources */ = {isa = PBXBuildFile; fileRef = 7896674213322CC6004140D5 /* PSStoreButton.m */; };
		7896675513322CC6004140D5 /* PSWebTableViewCell.m in Sources */ = {isa = PBXBuildFile; fileRef = 7896674413322CC6004140D5 /* PSWebTableViewCell.m */; };
		7896675613322CC6004140D5 /* UIImage+HockeyAdditions.m in Sources */ = {isa = PBXBuildFile; fileRef = 7896674613322CC6004140D5 /* UIImage+HockeyAdditions.m */; };
		7896675713322CC6004140D5 /* BWApp.m in Sources */ = {isa = PBXBuildFile; fileRef = 7896674813322CC6004140D5 /* BWApp.m */; };
		7896675813322CC6004140D5 /* BWGlobal.m in Sources */ = {isa = PBXBuildFile; fileRef = 7896674A13322CC6004140D5 /* BWGlobal.m */; };
		7896675913322CC6004140D5 /* BWHockeyManager.m in Sources */ = {isa = PBXBuildFile; fileRef = 7896674C13322CC6004140D5 /* BWHockeyManager.m */; };
		7896675A13322CC6004140D5 /* BWHockeySettingsViewController.m in Sources */ = {isa = PBXBuildFile; fileRef = 7896674E13322CC6004140D5 /* BWHockeySettingsViewController.m */; };
		7896675B13322CC6004140D5 /* BWHockeyViewController.m in Sources */ = {isa = PBXBuildFile; fileRef = 7896675013322CC6004140D5 /* BWHockeyViewController.m */; };
		7896675C13322CC6004140D5 /* Hockey.bundle in Resources */ = {isa = PBXBuildFile; fileRef = 7896675113322CC6004140D5 /* Hockey.bundle */; };
		78BCBB2A12B5323D0093AE0C /* Localizable.strings in Resources */ = {isa = PBXBuildFile; fileRef = 78BCBB2712B5323D0093AE0C /* Localizable.strings */; };
		78DA473B130DD0ED00D1585D /* lolcat.png in Resources */ = {isa = PBXBuildFile; fileRef = 78DA473A130DD0ED00D1585D /* lolcat.png */; };
		78E9B18D12B449B800B32768 /* libFlurry.a in Frameworks */ = {isa = PBXBuildFile; fileRef = 78E9B18C12B449B800B32768 /* libFlurry.a */; };
		78E9B1C312B44BB900B32768 /* QuartzCore.framework in Frameworks */ = {isa = PBXBuildFile; fileRef = 78E9B1C212B44BB900B32768 /* QuartzCore.framework */; };
		78E9B21112B44D4300B32768 /* RegexKitLite.m in Sources */ = {isa = PBXBuildFile; fileRef = 78E9B20D12B44D4300B32768 /* RegexKitLite.m */; };
		78E9B22D12B44DE400B32768 /* ASIAuthenticationDialog.m in Sources */ = {isa = PBXBuildFile; fileRef = 78E9B21A12B44DE400B32768 /* ASIAuthenticationDialog.m */; };
		78E9B22E12B44DE400B32768 /* ASIDataCompressor.m in Sources */ = {isa = PBXBuildFile; fileRef = 78E9B21D12B44DE400B32768 /* ASIDataCompressor.m */; };
		78E9B22F12B44DE400B32768 /* ASIDataDecompressor.m in Sources */ = {isa = PBXBuildFile; fileRef = 78E9B21F12B44DE400B32768 /* ASIDataDecompressor.m */; };
		78E9B23012B44DE400B32768 /* ASIDownloadCache.m in Sources */ = {isa = PBXBuildFile; fileRef = 78E9B22112B44DE400B32768 /* ASIDownloadCache.m */; };
		78E9B23112B44DE400B32768 /* ASIFormDataRequest.m in Sources */ = {isa = PBXBuildFile; fileRef = 78E9B22312B44DE400B32768 /* ASIFormDataRequest.m */; };
		78E9B23212B44DE400B32768 /* ASIHTTPRequest.m in Sources */ = {isa = PBXBuildFile; fileRef = 78E9B22512B44DE400B32768 /* ASIHTTPRequest.m */; };
		78E9B23312B44DE400B32768 /* ASIInputStream.m in Sources */ = {isa = PBXBuildFile; fileRef = 78E9B22912B44DE400B32768 /* ASIInputStream.m */; };
		78E9B23412B44DE400B32768 /* ASINetworkQueue.m in Sources */ = {isa = PBXBuildFile; fileRef = 78E9B22B12B44DE400B32768 /* ASINetworkQueue.m */; };
		78E9B25212B4514200B32768 /* libicucore.A.dylib in Frameworks */ = {isa = PBXBuildFile; fileRef = 78E9B25112B4514200B32768 /* libicucore.A.dylib */; };
		78E9B2AE12B4575200B32768 /* Icon-72.png in Resources */ = {isa = PBXBuildFile; fileRef = 78E9B2A712B4575200B32768 /* Icon-72.png */; };
		78E9B2AF12B4575200B32768 /* Icon-Small-50.png in Resources */ = {isa = PBXBuildFile; fileRef = 78E9B2A812B4575200B32768 /* Icon-Small-50.png */; };
		78E9B2B012B4575200B32768 /* Icon-Small.png in Resources */ = {isa = PBXBuildFile; fileRef = 78E9B2A912B4575200B32768 /* Icon-Small.png */; };
		78E9B2B112B4575200B32768 /* Icon-Small@2x.png in Resources */ = {isa = PBXBuildFile; fileRef = 78E9B2AA12B4575200B32768 /* Icon-Small@2x.png */; };
		78E9B2B212B4575200B32768 /* Icon.png in Resources */ = {isa = PBXBuildFile; fileRef = 78E9B2AB12B4575200B32768 /* Icon.png */; };
		78E9B2B312B4575200B32768 /* Icon@2x.png in Resources */ = {isa = PBXBuildFile; fileRef = 78E9B2AC12B4575200B32768 /* Icon@2x.png */; };
		78E9B2B412B4575200B32768 /* iTunesArtwork in Resources */ = {isa = PBXBuildFile; fileRef = 78E9B2AD12B4575200B32768 /* iTunesArtwork */; };
/* End PBXBuildFile section */

/* Begin PBXContainerItemProxy section */
		3939D5B112CA36EA00089568 /* PBXContainerItemProxy */ = {
			isa = PBXContainerItemProxy;
			containerPortal = 7856A47312B444A80025424F /* PSFoundation.xcodeproj */;
			proxyType = 2;
			remoteGlobalIDString = 390BAB2712C9438B00C39661;
			remoteInfo = PSFoundation_CoreLocation;
		};
		39C917C1139839D50045489C /* PBXContainerItemProxy */ = {
			isa = PBXContainerItemProxy;
			containerPortal = 7856A47312B444A80025424F /* PSFoundation.xcodeproj */;
			proxyType = 2;
			remoteGlobalIDString = 78858895133B39E700797FF0;
			remoteInfo = "PSFoundation-OSX";
		};
		39C917C3139839D50045489C /* PBXContainerItemProxy */ = {
			isa = PBXContainerItemProxy;
			containerPortal = 7856A47312B444A80025424F /* PSFoundation.xcodeproj */;
			proxyType = 2;
			remoteGlobalIDString = 788588B7133B39F000797FF0;
			remoteInfo = "PSFoundation_CoreData-OSX";
		};
		7856A47B12B444A80025424F /* PBXContainerItemProxy */ = {
			isa = PBXContainerItemProxy;
			containerPortal = 7856A47312B444A80025424F /* PSFoundation.xcodeproj */;
			proxyType = 2;
			remoteGlobalIDString = 7867A4E5126C98C70012E520;
			remoteInfo = PSFoundation_CoreData;
		};
		7856A47D12B444A80025424F /* PBXContainerItemProxy */ = {
			isa = PBXContainerItemProxy;
			containerPortal = 7856A47312B444A80025424F /* PSFoundation.xcodeproj */;
			proxyType = 2;
			remoteGlobalIDString = 788E1F38126C95B1009801E5;
			remoteInfo = PSFoundation;
		};
		7856A48012B444B10025424F /* PBXContainerItemProxy */ = {
			isa = PBXContainerItemProxy;
			containerPortal = 7856A47312B444A80025424F /* PSFoundation.xcodeproj */;
			proxyType = 1;
			remoteGlobalIDString = 788E1E6D126C95B1009801E5;
			remoteInfo = PSFoundation;
		};
		78F938DB130DD147008FA485 /* PBXContainerItemProxy */ = {
			isa = PBXContainerItemProxy;
			containerPortal = 29B97313FDCFA39411CA2CEA /* Project object */;
			proxyType = 1;
			remoteGlobalIDString = 1D6058900D05DD3D006BFB54;
			remoteInfo = PSAppTemplate;
		};
/* End PBXContainerItemProxy section */

/* Begin PBXFileReference section */
		1D30AB110D05D00D00671497 /* Foundation.framework */ = {isa = PBXFileReference; lastKnownFileType = wrapper.framework; name = Foundation.framework; path = System/Library/Frameworks/Foundation.framework; sourceTree = SDKROOT; };
		1D3623240D0F684500981E51 /* AppDelegate.h */ = {isa = PBXFileReference; fileEncoding = 4; lastKnownFileType = sourcecode.c.h; path = AppDelegate.h; sourceTree = "<group>"; };
		1D3623250D0F684500981E51 /* AppDelegate.m */ = {isa = PBXFileReference; fileEncoding = 4; lastKnownFileType = sourcecode.c.objc; path = AppDelegate.m; sourceTree = "<group>"; };
		1D6058910D05DD3D006BFB54 /* AppTemplate.app */ = {isa = PBXFileReference; explicitFileType = wrapper.application; includeInIndex = 0; path = AppTemplate.app; sourceTree = BUILT_PRODUCTS_DIR; };
		1DF5F4DF0D08C38300B7A737 /* UIKit.framework */ = {isa = PBXFileReference; lastKnownFileType = wrapper.framework; name = UIKit.framework; path = System/Library/Frameworks/UIKit.framework; sourceTree = SDKROOT; };
		2892E40F0DC94CBA00A64D0F /* CoreGraphics.framework */ = {isa = PBXFileReference; lastKnownFileType = wrapper.framework; name = CoreGraphics.framework; path = System/Library/Frameworks/CoreGraphics.framework; sourceTree = SDKROOT; };
		28A0AAE50D9B0CCF005BE974 /* Prefix.pch */ = {isa = PBXFileReference; fileEncoding = 4; lastKnownFileType = sourcecode.c.h; path = Prefix.pch; sourceTree = "<group>"; };
		28C286DF0D94DF7D0034E888 /* RootViewController.h */ = {isa = PBXFileReference; fileEncoding = 4; lastKnownFileType = sourcecode.c.h; path = RootViewController.h; sourceTree = "<group>"; };
		28C286E00D94DF7D0034E888 /* RootViewController.m */ = {isa = PBXFileReference; fileEncoding = 4; lastKnownFileType = sourcecode.c.objc; path = RootViewController.m; sourceTree = "<group>"; };
		29B97316FDCFA39411CA2CEA /* main.m */ = {isa = PBXFileReference; fileEncoding = 4; lastKnownFileType = sourcecode.c.objc; path = main.m; sourceTree = "<group>"; };
		3994620B12C91F1D005574A6 /* CoreLocation.framework */ = {isa = PBXFileReference; lastKnownFileType = wrapper.framework; name = CoreLocation.framework; path = System/Library/Frameworks/CoreLocation.framework; sourceTree = SDKROOT; };
		3994620F12C91F27005574A6 /* MapKit.framework */ = {isa = PBXFileReference; lastKnownFileType = wrapper.framework; name = MapKit.framework; path = System/Library/Frameworks/MapKit.framework; sourceTree = SDKROOT; };
		39C917BB139837940045489C /* PSIncludes.h */ = {isa = PBXFileReference; fileEncoding = 4; lastKnownFileType = sourcecode.c.h; path = PSIncludes.h; sourceTree = "<group>"; };
		39C917C613983B890045489C /* DCCrossHairView.h */ = {isa = PBXFileReference; fileEncoding = 4; lastKnownFileType = sourcecode.c.h; path = DCCrossHairView.h; sourceTree = "<group>"; };
		39C917C713983B890045489C /* DCCrossHairView.m */ = {isa = PBXFileReference; fileEncoding = 4; lastKnownFileType = sourcecode.c.objc; path = DCCrossHairView.m; sourceTree = "<group>"; };
		39C917C813983B890045489C /* DCFrameView.h */ = {isa = PBXFileReference; fileEncoding = 4; lastKnownFileType = sourcecode.c.h; path = DCFrameView.h; sourceTree = "<group>"; };
		39C917C913983B890045489C /* DCFrameView.m */ = {isa = PBXFileReference; fileEncoding = 4; lastKnownFileType = sourcecode.c.objc; path = DCFrameView.m; sourceTree = "<group>"; };
		39C917CA13983B890045489C /* DCIntrospect.h */ = {isa = PBXFileReference; fileEncoding = 4; lastKnownFileType = sourcecode.c.h; path = DCIntrospect.h; sourceTree = "<group>"; };
		39C917CB13983B890045489C /* DCIntrospect.m */ = {isa = PBXFileReference; fileEncoding = 4; lastKnownFileType = sourcecode.c.objc; path = DCIntrospect.m; sourceTree = "<group>"; };
		39C917CC13983B890045489C /* DCIntrospectSettings.h */ = {isa = PBXFileReference; fileEncoding = 4; lastKnownFileType = sourcecode.c.h; path = DCIntrospectSettings.h; sourceTree = "<group>"; };
		39C917CD13983B890045489C /* DCStatusBarOverlay.h */ = {isa = PBXFileReference; fileEncoding = 4; lastKnownFileType = sourcecode.c.h; path = DCStatusBarOverlay.h; sourceTree = "<group>"; };
		39C917CE13983B890045489C /* DCStatusBarOverlay.m */ = {isa = PBXFileReference; fileEncoding = 4; lastKnownFileType = sourcecode.c.objc; path = DCStatusBarOverlay.m; sourceTree = "<group>"; };
		39C9181E1398E1950045489C /* Default.png */ = {isa = PBXFileReference; lastKnownFileType = image.png; name = Default.png; path = Images/Default.png; sourceTree = "<group>"; };
		39C918591398EBC40045489C /* PSWindow.h */ = {isa = PBXFileReference; fileEncoding = 4; lastKnownFileType = sourcecode.c.h; path = PSWindow.h; sourceTree = "<group>"; };
		39C9185A1398EBC40045489C /* PSWindow.m */ = {isa = PBXFileReference; fileEncoding = 4; lastKnownFileType = sourcecode.c.objc; path = PSWindow.m; sourceTree = "<group>"; };
		39F772A313B63DD9006E12AF /* PSBaseViewController.h */ = {isa = PBXFileReference; fileEncoding = 4; lastKnownFileType = sourcecode.c.h; path = PSBaseViewController.h; sourceTree = "<group>"; };
		39F772A413B63DD9006E12AF /* PSBaseViewController.m */ = {isa = PBXFileReference; fileEncoding = 4; lastKnownFileType = sourcecode.c.objc; path = PSBaseViewController.m; sourceTree = "<group>"; };
		7856A40B12B441D10025424F /* MobileCoreServices.framework */ = {isa = PBXFileReference; lastKnownFileType = wrapper.framework; name = MobileCoreServices.framework; path = System/Library/Frameworks/MobileCoreServices.framework; sourceTree = SDKROOT; };
		7856A40D12B441E00025424F /* SystemConfiguration.framework */ = {isa = PBXFileReference; lastKnownFileType = wrapper.framework; name = SystemConfiguration.framework; path = System/Library/Frameworks/SystemConfiguration.framework; sourceTree = SDKROOT; };
		7856A41312B441F40025424F /* libz.1.1.3.dylib */ = {isa = PBXFileReference; lastKnownFileType = "compiled.mach-o.dylib"; name = libz.1.1.3.dylib; path = usr/lib/libz.1.1.3.dylib; sourceTree = SDKROOT; };
		7856A41512B441FB0025424F /* AudioToolbox.framework */ = {isa = PBXFileReference; lastKnownFileType = wrapper.framework; name = AudioToolbox.framework; path = System/Library/Frameworks/AudioToolbox.framework; sourceTree = SDKROOT; };
		7856A41712B442070025424F /* CFNetwork.framework */ = {isa = PBXFileReference; lastKnownFileType = wrapper.framework; name = CFNetwork.framework; path = System/Library/Frameworks/CFNetwork.framework; sourceTree = SDKROOT; };
		7856A41912B4420E0025424F /* Security.framework */ = {isa = PBXFileReference; lastKnownFileType = wrapper.framework; name = Security.framework; path = System/Library/Frameworks/Security.framework; sourceTree = SDKROOT; };
		7856A44612B444120025424F /* ReleaseNotes.html */ = {isa = PBXFileReference; fileEncoding = 4; lastKnownFileType = text.html; name = ReleaseNotes.html; path = ../ReleaseNotes.html; sourceTree = SOURCE_ROOT; };
		7856A44B12B4445C0025424F /* CrashReporter.framework */ = {isa = PBXFileReference; lastKnownFileType = wrapper.framework; name = CrashReporter.framework; path = ../CrashReporter.framework; sourceTree = SOURCE_ROOT; };
		7856A44D12B4445C0025424F /* CrashReportSender.h */ = {isa = PBXFileReference; fileEncoding = 4; lastKnownFileType = sourcecode.c.h; path = CrashReportSender.h; sourceTree = "<group>"; };
		7856A44E12B4445C0025424F /* CrashReportSender.m */ = {isa = PBXFileReference; fileEncoding = 4; lastKnownFileType = sourcecode.c.objc; path = CrashReportSender.m; sourceTree = "<group>"; };
		7856A45012B4445C0025424F /* English */ = {isa = PBXFileReference; fileEncoding = 4; lastKnownFileType = text.plist.strings; name = English; path = English.lproj/CrashReporter.strings; sourceTree = "<group>"; };
		7856A45112B4445C0025424F /* German */ = {isa = PBXFileReference; fileEncoding = 4; lastKnownFileType = text.plist.strings; name = German; path = German.lproj/CrashReporter.strings; sourceTree = "<group>"; };
		7856A46412B444640025424F /* README.mdown */ = {isa = PBXFileReference; fileEncoding = 4; lastKnownFileType = text; name = README.mdown; path = ../README.mdown; sourceTree = SOURCE_ROOT; };
		7856A47312B444A80025424F /* PSFoundation.xcodeproj */ = {isa = PBXFileReference; lastKnownFileType = "wrapper.pb-project"; name = PSFoundation.xcodeproj; path = ../PSFoundation/PSFoundation.xcodeproj; sourceTree = SOURCE_ROOT; };
		787251DE130DABEE00571A6E /* Build-Info.plist */ = {isa = PBXFileReference; fileEncoding = 4; lastKnownFileType = text.plist.xml; path = "Build-Info.plist"; sourceTree = "<group>"; };
		787251DF130DABEE00571A6E /* Info.plist */ = {isa = PBXFileReference; fileEncoding = 4; lastKnownFileType = text.plist.xml; path = Info.plist; sourceTree = "<group>"; };
		7876F54C130D856A00A79E01 /* appstore.xcconfig */ = {isa = PBXFileReference; fileEncoding = 4; lastKnownFileType = text.xcconfig; path = appstore.xcconfig; sourceTree = "<group>"; };
		7876F54D130D856A00A79E01 /* appversion.xcconfig */ = {isa = PBXFileReference; fileEncoding = 4; lastKnownFileType = text.xcconfig; path = appversion.xcconfig; sourceTree = "<group>"; };
		7876F54E130D856A00A79E01 /* buildnumber.xcconfig */ = {isa = PBXFileReference; fileEncoding = 4; lastKnownFileType = text.xcconfig; path = buildnumber.xcconfig; sourceTree = "<group>"; };
		7876F54F130D856A00A79E01 /* debug.xcconfig */ = {isa = PBXFileReference; fileEncoding = 4; lastKnownFileType = text.xcconfig; path = debug.xcconfig; sourceTree = "<group>"; };
		7876F550130D856A00A79E01 /* distribution.xcconfig */ = {isa = PBXFileReference; fileEncoding = 4; lastKnownFileType = text.xcconfig; path = distribution.xcconfig; sourceTree = "<group>"; };
		787BC4F412DB0C6E008DC03C /* JSONKit.h */ = {isa = PBXFileReference; fileEncoding = 4; lastKnownFileType = sourcecode.c.h; name = JSONKit.h; path = ../JSONKit/JSONKit.h; sourceTree = SOURCE_ROOT; };
		787BC4F512DB0C6E008DC03C /* JSONKit.m */ = {isa = PBXFileReference; fileEncoding = 4; lastKnownFileType = sourcecode.c.objc; name = JSONKit.m; path = ../JSONKit/JSONKit.m; sourceTree = SOURCE_ROOT; };
		7896673D13322CC6004140D5 /* NSString+HockeyAdditions.h */ = {isa = PBXFileReference; fileEncoding = 4; lastKnownFileType = sourcecode.c.h; path = "NSString+HockeyAdditions.h"; sourceTree = "<group>"; };
		7896673E13322CC6004140D5 /* NSString+HockeyAdditions.m */ = {isa = PBXFileReference; fileEncoding = 4; lastKnownFileType = sourcecode.c.objc; path = "NSString+HockeyAdditions.m"; sourceTree = "<group>"; };
		7896673F13322CC6004140D5 /* PSAppStoreHeader.h */ = {isa = PBXFileReference; fileEncoding = 4; lastKnownFileType = sourcecode.c.h; path = PSAppStoreHeader.h; sourceTree = "<group>"; };
		7896674013322CC6004140D5 /* PSAppStoreHeader.m */ = {isa = PBXFileReference; fileEncoding = 4; lastKnownFileType = sourcecode.c.objc; path = PSAppStoreHeader.m; sourceTree = "<group>"; };
		7896674113322CC6004140D5 /* PSStoreButton.h */ = {isa = PBXFileReference; fileEncoding = 4; lastKnownFileType = sourcecode.c.h; path = PSStoreButton.h; sourceTree = "<group>"; };
		7896674213322CC6004140D5 /* PSStoreButton.m */ = {isa = PBXFileReference; fileEncoding = 4; lastKnownFileType = sourcecode.c.objc; path = PSStoreButton.m; sourceTree = "<group>"; };
		7896674313322CC6004140D5 /* PSWebTableViewCell.h */ = {isa = PBXFileReference; fileEncoding = 4; lastKnownFileType = sourcecode.c.h; path = PSWebTableViewCell.h; sourceTree = "<group>"; };
		7896674413322CC6004140D5 /* PSWebTableViewCell.m */ = {isa = PBXFileReference; fileEncoding = 4; lastKnownFileType = sourcecode.c.objc; path = PSWebTableViewCell.m; sourceTree = "<group>"; };
		7896674513322CC6004140D5 /* UIImage+HockeyAdditions.h */ = {isa = PBXFileReference; fileEncoding = 4; lastKnownFileType = sourcecode.c.h; path = "UIImage+HockeyAdditions.h"; sourceTree = "<group>"; };
		7896674613322CC6004140D5 /* UIImage+HockeyAdditions.m */ = {isa = PBXFileReference; fileEncoding = 4; lastKnownFileType = sourcecode.c.objc; path = "UIImage+HockeyAdditions.m"; sourceTree = "<group>"; };
		7896674713322CC6004140D5 /* BWApp.h */ = {isa = PBXFileReference; fileEncoding = 4; lastKnownFileType = sourcecode.c.h; name = BWApp.h; path = ../HockeyKit/client/iOS/BWApp.h; sourceTree = "<group>"; };
		7896674813322CC6004140D5 /* BWApp.m */ = {isa = PBXFileReference; fileEncoding = 4; lastKnownFileType = sourcecode.c.objc; name = BWApp.m; path = ../HockeyKit/client/iOS/BWApp.m; sourceTree = "<group>"; };
		7896674913322CC6004140D5 /* BWGlobal.h */ = {isa = PBXFileReference; fileEncoding = 4; lastKnownFileType = sourcecode.c.h; name = BWGlobal.h; path = ../HockeyKit/client/iOS/BWGlobal.h; sourceTree = "<group>"; };
		7896674A13322CC6004140D5 /* BWGlobal.m */ = {isa = PBXFileReference; fileEncoding = 4; lastKnownFileType = sourcecode.c.objc; name = BWGlobal.m; path = ../HockeyKit/client/iOS/BWGlobal.m; sourceTree = "<group>"; };
		7896674B13322CC6004140D5 /* BWHockeyManager.h */ = {isa = PBXFileReference; fileEncoding = 4; lastKnownFileType = sourcecode.c.h; name = BWHockeyManager.h; path = ../HockeyKit/client/iOS/BWHockeyManager.h; sourceTree = "<group>"; };
		7896674C13322CC6004140D5 /* BWHockeyManager.m */ = {isa = PBXFileReference; fileEncoding = 4; lastKnownFileType = sourcecode.c.objc; name = BWHockeyManager.m; path = ../HockeyKit/client/iOS/BWHockeyManager.m; sourceTree = "<group>"; };
		7896674D13322CC6004140D5 /* BWHockeySettingsViewController.h */ = {isa = PBXFileReference; fileEncoding = 4; lastKnownFileType = sourcecode.c.h; name = BWHockeySettingsViewController.h; path = ../HockeyKit/client/iOS/BWHockeySettingsViewController.h; sourceTree = "<group>"; };
		7896674E13322CC6004140D5 /* BWHockeySettingsViewController.m */ = {isa = PBXFileReference; fileEncoding = 4; lastKnownFileType = sourcecode.c.objc; name = BWHockeySettingsViewController.m; path = ../HockeyKit/client/iOS/BWHockeySettingsViewController.m; sourceTree = "<group>"; };
		7896674F13322CC6004140D5 /* BWHockeyViewController.h */ = {isa = PBXFileReference; fileEncoding = 4; lastKnownFileType = sourcecode.c.h; name = BWHockeyViewController.h; path = ../HockeyKit/client/iOS/BWHockeyViewController.h; sourceTree = "<group>"; };
		7896675013322CC6004140D5 /* BWHockeyViewController.m */ = {isa = PBXFileReference; fileEncoding = 4; lastKnownFileType = sourcecode.c.objc; name = BWHockeyViewController.m; path = ../HockeyKit/client/iOS/BWHockeyViewController.m; sourceTree = "<group>"; };
		7896675113322CC6004140D5 /* Hockey.bundle */ = {isa = PBXFileReference; lastKnownFileType = "wrapper.plug-in"; name = Hockey.bundle; path = ../HockeyKit/client/iOS/Hockey.bundle; sourceTree = "<group>"; };
		78BCBB2812B5323D0093AE0C /* English */ = {isa = PBXFileReference; fileEncoding = 10; lastKnownFileType = text.plist.strings; name = English; path = English.lproj/Localizable.strings; sourceTree = "<group>"; };
		78BCBB2912B5323D0093AE0C /* German */ = {isa = PBXFileReference; fileEncoding = 10; lastKnownFileType = text.plist.strings; name = German; path = German.lproj/Localizable.strings; sourceTree = "<group>"; };
		78DA473A130DD0ED00D1585D /* lolcat.png */ = {isa = PBXFileReference; lastKnownFileType = image.png; name = lolcat.png; path = Images/lolcat.png; sourceTree = "<group>"; };
		78E9B16812B4468E00B32768 /* PSDefines.h */ = {isa = PBXFileReference; fileEncoding = 4; lastKnownFileType = sourcecode.c.h; path = PSDefines.h; sourceTree = "<group>"; };
		78E9B18A12B449B800B32768 /* FlurryAdDelegate.h */ = {isa = PBXFileReference; fileEncoding = 4; lastKnownFileType = sourcecode.c.h; path = FlurryAdDelegate.h; sourceTree = "<group>"; };
		78E9B18B12B449B800B32768 /* FlurryAPI.h */ = {isa = PBXFileReference; fileEncoding = 4; lastKnownFileType = sourcecode.c.h; path = FlurryAPI.h; sourceTree = "<group>"; };
		78E9B18C12B449B800B32768 /* libFlurry.a */ = {isa = PBXFileReference; lastKnownFileType = archive.ar; path = libFlurry.a; sourceTree = "<group>"; };
		78E9B1C212B44BB900B32768 /* QuartzCore.framework */ = {isa = PBXFileReference; lastKnownFileType = wrapper.framework; name = QuartzCore.framework; path = System/Library/Frameworks/QuartzCore.framework; sourceTree = SDKROOT; };
		78E9B20B12B44D4300B32768 /* RegexKitLite.h */ = {isa = PBXFileReference; fileEncoding = 4; lastKnownFileType = sourcecode.c.h; path = RegexKitLite.h; sourceTree = "<group>"; };
		78E9B20D12B44D4300B32768 /* RegexKitLite.m */ = {isa = PBXFileReference; fileEncoding = 4; lastKnownFileType = sourcecode.c.objc; path = RegexKitLite.m; sourceTree = "<group>"; };
		78E9B21912B44DE400B32768 /* ASIAuthenticationDialog.h */ = {isa = PBXFileReference; fileEncoding = 4; lastKnownFileType = sourcecode.c.h; name = ASIAuthenticationDialog.h; path = "../asi-http-request/Classes/ASIAuthenticationDialog.h"; sourceTree = SOURCE_ROOT; };
		78E9B21A12B44DE400B32768 /* ASIAuthenticationDialog.m */ = {isa = PBXFileReference; fileEncoding = 4; lastKnownFileType = sourcecode.c.objc; name = ASIAuthenticationDialog.m; path = "../asi-http-request/Classes/ASIAuthenticationDialog.m"; sourceTree = SOURCE_ROOT; };
		78E9B21B12B44DE400B32768 /* ASICacheDelegate.h */ = {isa = PBXFileReference; fileEncoding = 4; lastKnownFileType = sourcecode.c.h; name = ASICacheDelegate.h; path = "../asi-http-request/Classes/ASICacheDelegate.h"; sourceTree = SOURCE_ROOT; };
		78E9B21C12B44DE400B32768 /* ASIDataCompressor.h */ = {isa = PBXFileReference; fileEncoding = 4; lastKnownFileType = sourcecode.c.h; name = ASIDataCompressor.h; path = "../asi-http-request/Classes/ASIDataCompressor.h"; sourceTree = SOURCE_ROOT; };
		78E9B21D12B44DE400B32768 /* ASIDataCompressor.m */ = {isa = PBXFileReference; fileEncoding = 4; lastKnownFileType = sourcecode.c.objc; name = ASIDataCompressor.m; path = "../asi-http-request/Classes/ASIDataCompressor.m"; sourceTree = SOURCE_ROOT; };
		78E9B21E12B44DE400B32768 /* ASIDataDecompressor.h */ = {isa = PBXFileReference; fileEncoding = 4; lastKnownFileType = sourcecode.c.h; name = ASIDataDecompressor.h; path = "../asi-http-request/Classes/ASIDataDecompressor.h"; sourceTree = SOURCE_ROOT; };
		78E9B21F12B44DE400B32768 /* ASIDataDecompressor.m */ = {isa = PBXFileReference; fileEncoding = 4; lastKnownFileType = sourcecode.c.objc; name = ASIDataDecompressor.m; path = "../asi-http-request/Classes/ASIDataDecompressor.m"; sourceTree = SOURCE_ROOT; };
		78E9B22012B44DE400B32768 /* ASIDownloadCache.h */ = {isa = PBXFileReference; fileEncoding = 4; lastKnownFileType = sourcecode.c.h; name = ASIDownloadCache.h; path = "../asi-http-request/Classes/ASIDownloadCache.h"; sourceTree = SOURCE_ROOT; };
		78E9B22112B44DE400B32768 /* ASIDownloadCache.m */ = {isa = PBXFileReference; fileEncoding = 4; lastKnownFileType = sourcecode.c.objc; name = ASIDownloadCache.m; path = "../asi-http-request/Classes/ASIDownloadCache.m"; sourceTree = SOURCE_ROOT; };
		78E9B22212B44DE400B32768 /* ASIFormDataRequest.h */ = {isa = PBXFileReference; fileEncoding = 4; lastKnownFileType = sourcecode.c.h; name = ASIFormDataRequest.h; path = "../asi-http-request/Classes/ASIFormDataRequest.h"; sourceTree = SOURCE_ROOT; };
		78E9B22312B44DE400B32768 /* ASIFormDataRequest.m */ = {isa = PBXFileReference; fileEncoding = 4; lastKnownFileType = sourcecode.c.objc; name = ASIFormDataRequest.m; path = "../asi-http-request/Classes/ASIFormDataRequest.m"; sourceTree = SOURCE_ROOT; };
		78E9B22412B44DE400B32768 /* ASIHTTPRequest.h */ = {isa = PBXFileReference; fileEncoding = 4; lastKnownFileType = sourcecode.c.h; name = ASIHTTPRequest.h; path = "../asi-http-request/Classes/ASIHTTPRequest.h"; sourceTree = SOURCE_ROOT; };
		78E9B22512B44DE400B32768 /* ASIHTTPRequest.m */ = {isa = PBXFileReference; fileEncoding = 4; lastKnownFileType = sourcecode.c.objc; name = ASIHTTPRequest.m; path = "../asi-http-request/Classes/ASIHTTPRequest.m"; sourceTree = SOURCE_ROOT; };
		78E9B22612B44DE400B32768 /* ASIHTTPRequestConfig.h */ = {isa = PBXFileReference; fileEncoding = 4; lastKnownFileType = sourcecode.c.h; name = ASIHTTPRequestConfig.h; path = "../asi-http-request/Classes/ASIHTTPRequestConfig.h"; sourceTree = SOURCE_ROOT; };
		78E9B22712B44DE400B32768 /* ASIHTTPRequestDelegate.h */ = {isa = PBXFileReference; fileEncoding = 4; lastKnownFileType = sourcecode.c.h; name = ASIHTTPRequestDelegate.h; path = "../asi-http-request/Classes/ASIHTTPRequestDelegate.h"; sourceTree = SOURCE_ROOT; };
		78E9B22812B44DE400B32768 /* ASIInputStream.h */ = {isa = PBXFileReference; fileEncoding = 4; lastKnownFileType = sourcecode.c.h; name = ASIInputStream.h; path = "../asi-http-request/Classes/ASIInputStream.h"; sourceTree = SOURCE_ROOT; };
		78E9B22912B44DE400B32768 /* ASIInputStream.m */ = {isa = PBXFileReference; fileEncoding = 4; lastKnownFileType = sourcecode.c.objc; name = ASIInputStream.m; path = "../asi-http-request/Classes/ASIInputStream.m"; sourceTree = SOURCE_ROOT; };
		78E9B22A12B44DE400B32768 /* ASINetworkQueue.h */ = {isa = PBXFileReference; fileEncoding = 4; lastKnownFileType = sourcecode.c.h; name = ASINetworkQueue.h; path = "../asi-http-request/Classes/ASINetworkQueue.h"; sourceTree = SOURCE_ROOT; };
		78E9B22B12B44DE400B32768 /* ASINetworkQueue.m */ = {isa = PBXFileReference; fileEncoding = 4; lastKnownFileType = sourcecode.c.objc; name = ASINetworkQueue.m; path = "../asi-http-request/Classes/ASINetworkQueue.m"; sourceTree = SOURCE_ROOT; };
		78E9B22C12B44DE400B32768 /* ASIProgressDelegate.h */ = {isa = PBXFileReference; fileEncoding = 4; lastKnownFileType = sourcecode.c.h; name = ASIProgressDelegate.h; path = "../asi-http-request/Classes/ASIProgressDelegate.h"; sourceTree = SOURCE_ROOT; };
		78E9B25112B4514200B32768 /* libicucore.A.dylib */ = {isa = PBXFileReference; lastKnownFileType = "compiled.mach-o.dylib"; name = libicucore.A.dylib; path = usr/lib/libicucore.A.dylib; sourceTree = SDKROOT; };
		78E9B2A712B4575200B32768 /* Icon-72.png */ = {isa = PBXFileReference; lastKnownFileType = image.png; name = "Icon-72.png"; path = "Images/Icon-72.png"; sourceTree = "<group>"; };
		78E9B2A812B4575200B32768 /* Icon-Small-50.png */ = {isa = PBXFileReference; lastKnownFileType = image.png; name = "Icon-Small-50.png"; path = "Images/Icon-Small-50.png"; sourceTree = "<group>"; };
		78E9B2A912B4575200B32768 /* Icon-Small.png */ = {isa = PBXFileReference; lastKnownFileType = image.png; name = "Icon-Small.png"; path = "Images/Icon-Small.png"; sourceTree = "<group>"; };
		78E9B2AA12B4575200B32768 /* Icon-Small@2x.png */ = {isa = PBXFileReference; lastKnownFileType = image.png; name = "Icon-Small@2x.png"; path = "Images/Icon-Small@2x.png"; sourceTree = "<group>"; };
		78E9B2AB12B4575200B32768 /* Icon.png */ = {isa = PBXFileReference; lastKnownFileType = image.png; name = Icon.png; path = Images/Icon.png; sourceTree = "<group>"; };
		78E9B2AC12B4575200B32768 /* Icon@2x.png */ = {isa = PBXFileReference; lastKnownFileType = image.png; name = "Icon@2x.png"; path = "Images/Icon@2x.png"; sourceTree = "<group>"; };
		78E9B2AD12B4575200B32768 /* iTunesArtwork */ = {isa = PBXFileReference; lastKnownFileType = file; name = iTunesArtwork; path = Images/iTunesArtwork; sourceTree = "<group>"; };
/* End PBXFileReference section */

/* Begin PBXFrameworksBuildPhase section */
		1D60588F0D05DD3D006BFB54 /* Frameworks */ = {
			isa = PBXFrameworksBuildPhase;
			buildActionMask = 2147483647;
			files = (
				1D60589F0D05DD5A006BFB54 /* Foundation.framework in Frameworks */,
				1DF5F4E00D08C38300B7A737 /* UIKit.framework in Frameworks */,
				2892E4100DC94CBA00A64D0F /* CoreGraphics.framework in Frameworks */,
				7856A40C12B441D10025424F /* MobileCoreServices.framework in Frameworks */,
				7856A40E12B441E00025424F /* SystemConfiguration.framework in Frameworks */,
				7856A41412B441F40025424F /* libz.1.1.3.dylib in Frameworks */,
				7856A41612B441FB0025424F /* AudioToolbox.framework in Frameworks */,
				7856A41812B442070025424F /* CFNetwork.framework in Frameworks */,
				7856A41A12B4420E0025424F /* Security.framework in Frameworks */,
				7856A45212B4445C0025424F /* CrashReporter.framework in Frameworks */,
				7856A47F12B444AD0025424F /* libPSFoundation.a in Frameworks */,
				78E9B18D12B449B800B32768 /* libFlurry.a in Frameworks */,
				78E9B1C312B44BB900B32768 /* QuartzCore.framework in Frameworks */,
				78E9B25212B4514200B32768 /* libicucore.A.dylib in Frameworks */,
				3994620C12C91F1D005574A6 /* CoreLocation.framework in Frameworks */,
				3994621012C91F27005574A6 /* MapKit.framework in Frameworks */,
			);
			runOnlyForDeploymentPostprocessing = 0;
		};
/* End PBXFrameworksBuildPhase section */

/* Begin PBXGroup section */
		080E96DDFE201D6D7F000001 /* Classes */ = {
			isa = PBXGroup;
			children = (
				39C918581398EBA10045489C /* Includes */,
				39C917B91398367C0045489C /* Model */,
				39C917BA139836840045489C /* Views */,
				39C917B8139836750045489C /* View Controller */,
				1D3623240D0F684500981E51 /* AppDelegate.h */,
				1D3623250D0F684500981E51 /* AppDelegate.m */,
				39C918591398EBC40045489C /* PSWindow.h */,
				39C9185A1398EBC40045489C /* PSWindow.m */,
			);
			path = Classes;
			sourceTree = "<group>";
		};
		19C28FACFE9D520D11CA2CBB /* Products */ = {
			isa = PBXGroup;
			children = (
				1D6058910D05DD3D006BFB54 /* AppTemplate.app */,
			);
			name = Products;
			sourceTree = "<group>";
		};
		29B97314FDCFA39411CA2CEA /* CustomTemplate */ = {
			isa = PBXGroup;
			children = (
				7856A44612B444120025424F /* ReleaseNotes.html */,
				7856A46412B444640025424F /* README.mdown */,
				080E96DDFE201D6D7F000001 /* Classes */,
				29B97315FDCFA39411CA2CEA /* Other Sources */,
				29B97317FDCFA39411CA2CEA /* Resources */,
				7876F54B130D856A00A79E01 /* Xcode */,
				29B97323FDCFA39411CA2CEA /* Frameworks */,
				19C28FACFE9D520D11CA2CBB /* Products */,
			);
			name = CustomTemplate;
			sourceTree = "<group>";
		};
		29B97315FDCFA39411CA2CEA /* Other Sources */ = {
			isa = PBXGroup;
			children = (
				28A0AAE50D9B0CCF005BE974 /* Prefix.pch */,
				29B97316FDCFA39411CA2CEA /* main.m */,
			);
			name = "Other Sources";
			sourceTree = "<group>";
		};
		29B97317FDCFA39411CA2CEA /* Resources */ = {
			isa = PBXGroup;
			children = (
				78BCBB2612B5323D0093AE0C /* Localization */,
				78E9B2A712B4575200B32768 /* Icon-72.png */,
				78E9B2A812B4575200B32768 /* Icon-Small-50.png */,
				78E9B2A912B4575200B32768 /* Icon-Small.png */,
				78E9B2AA12B4575200B32768 /* Icon-Small@2x.png */,
				78E9B2AB12B4575200B32768 /* Icon.png */,
				78E9B2AC12B4575200B32768 /* Icon@2x.png */,
				39C9181E1398E1950045489C /* Default.png */,
				78DA473A130DD0ED00D1585D /* lolcat.png */,
				787251DF130DABEE00571A6E /* Info.plist */,
				787251DE130DABEE00571A6E /* Build-Info.plist */,
				78E9B2AD12B4575200B32768 /* iTunesArtwork */,
			);
			name = Resources;
			sourceTree = "<group>";
		};
		29B97323FDCFA39411CA2CEA /* Frameworks */ = {
			isa = PBXGroup;
			children = (
				7856A47312B444A80025424F /* PSFoundation.xcodeproj */,
				78E9B21212B44DDA00B32768 /* asi-http-request */,
				7856A44C12B4445C0025424F /* CrashReporterSender */,
				39C917C513983B890045489C /* DCIntrospect */,
				78E9B18912B449B800B32768 /* FlurryLib */,
				78BCB96F12B524320093AE0C /* HockeyKit */,
				787BC4EF12DB0C62008DC03C /* JSON */,
				78E9B20812B44D4300B32768 /* regexkitlite */,
				7856A44B12B4445C0025424F /* CrashReporter.framework */,
				78E9B1C212B44BB900B32768 /* QuartzCore.framework */,
				1DF5F4DF0D08C38300B7A737 /* UIKit.framework */,
				1D30AB110D05D00D00671497 /* Foundation.framework */,
				2892E40F0DC94CBA00A64D0F /* CoreGraphics.framework */,
				7856A40B12B441D10025424F /* MobileCoreServices.framework */,
				7856A40D12B441E00025424F /* SystemConfiguration.framework */,
				7856A41512B441FB0025424F /* AudioToolbox.framework */,
				7856A41712B442070025424F /* CFNetwork.framework */,
				7856A41912B4420E0025424F /* Security.framework */,
				3994620B12C91F1D005574A6 /* CoreLocation.framework */,
				3994620F12C91F27005574A6 /* MapKit.framework */,
				78E9B25112B4514200B32768 /* libicucore.A.dylib */,
				7856A41312B441F40025424F /* libz.1.1.3.dylib */,
			);
			name = Frameworks;
			sourceTree = "<group>";
		};
		39C917B8139836750045489C /* View Controller */ = {
			isa = PBXGroup;
			children = (
				39F772A313B63DD9006E12AF /* PSBaseViewController.h */,
				39F772A413B63DD9006E12AF /* PSBaseViewController.m */,
				28C286DF0D94DF7D0034E888 /* RootViewController.h */,
				28C286E00D94DF7D0034E888 /* RootViewController.m */,
			);
			name = "View Controller";
			sourceTree = "<group>";
		};
		39C917B91398367C0045489C /* Model */ = {
			isa = PBXGroup;
			children = (
			);
			name = Model;
			sourceTree = "<group>";
		};
		39C917BA139836840045489C /* Views */ = {
			isa = PBXGroup;
			children = (
			);
			name = Views;
			sourceTree = "<group>";
		};
		39C917C513983B890045489C /* DCIntrospect */ = {
			isa = PBXGroup;
			children = (
				39C917C613983B890045489C /* DCCrossHairView.h */,
				39C917C713983B890045489C /* DCCrossHairView.m */,
				39C917C813983B890045489C /* DCFrameView.h */,
				39C917C913983B890045489C /* DCFrameView.m */,
				39C917CA13983B890045489C /* DCIntrospect.h */,
				39C917CB13983B890045489C /* DCIntrospect.m */,
				39C917CC13983B890045489C /* DCIntrospectSettings.h */,
				39C917CD13983B890045489C /* DCStatusBarOverlay.h */,
				39C917CE13983B890045489C /* DCStatusBarOverlay.m */,
			);
			name = DCIntrospect;
			path = ../DCIntrospect/DCIntrospect;
			sourceTree = "<group>";
		};
		39C918581398EBA10045489C /* Includes */ = {
			isa = PBXGroup;
			children = (
				78E9B16812B4468E00B32768 /* PSDefines.h */,
				39C917BB139837940045489C /* PSIncludes.h */,
			);
			name = Includes;
			sourceTree = "<group>";
		};
		7856A44C12B4445C0025424F /* CrashReporterSender */ = {
			isa = PBXGroup;
			children = (
				7856A44D12B4445C0025424F /* CrashReportSender.h */,
				7856A44E12B4445C0025424F /* CrashReportSender.m */,
				7856A44F12B4445C0025424F /* CrashReporter.strings */,
			);
			name = CrashReporterSender;
			path = ../CrashReporterSender;
			sourceTree = SOURCE_ROOT;
		};
		7856A47412B444A80025424F /* Products */ = {
			isa = PBXGroup;
			children = (
				7856A47E12B444A80025424F /* libPSFoundation.a */,
				7856A47C12B444A80025424F /* libPSFoundation_CoreData.a */,
				3939D5B212CA36EA00089568 /* libPSFoundation_CoreLocation.a */,
				39C917C2139839D50045489C /* libPSFoundation-OSX.a */,
				39C917C4139839D50045489C /* libPSFoundation_CoreData-OSX.a */,
			);
			name = Products;
			sourceTree = "<group>";
		};
		7876F54B130D856A00A79E01 /* Xcode */ = {
			isa = PBXGroup;
			children = (
				7876F54C130D856A00A79E01 /* appstore.xcconfig */,
				7876F54D130D856A00A79E01 /* appversion.xcconfig */,
				7876F54E130D856A00A79E01 /* buildnumber.xcconfig */,
				7876F54F130D856A00A79E01 /* debug.xcconfig */,
				7876F550130D856A00A79E01 /* distribution.xcconfig */,
			);
			name = Xcode;
			path = ../Xcode;
			sourceTree = SOURCE_ROOT;
		};
		787BC4EF12DB0C62008DC03C /* JSON */ = {
			isa = PBXGroup;
			children = (
				787BC4F412DB0C6E008DC03C /* JSONKit.h */,
				787BC4F512DB0C6E008DC03C /* JSONKit.m */,
			);
			name = JSON;
			sourceTree = "<group>";
		};
		7896673C13322CC6004140D5 /* Helper */ = {
			isa = PBXGroup;
			children = (
				7896673D13322CC6004140D5 /* NSString+HockeyAdditions.h */,
				7896673E13322CC6004140D5 /* NSString+HockeyAdditions.m */,
				7896673F13322CC6004140D5 /* PSAppStoreHeader.h */,
				7896674013322CC6004140D5 /* PSAppStoreHeader.m */,
				7896674113322CC6004140D5 /* PSStoreButton.h */,
				7896674213322CC6004140D5 /* PSStoreButton.m */,
				7896674313322CC6004140D5 /* PSWebTableViewCell.h */,
				7896674413322CC6004140D5 /* PSWebTableViewCell.m */,
				7896674513322CC6004140D5 /* UIImage+HockeyAdditions.h */,
				7896674613322CC6004140D5 /* UIImage+HockeyAdditions.m */,
			);
			name = Helper;
			path = ../HockeyKit/client/iOS/Helper;
			sourceTree = "<group>";
		};
		78BCB96F12B524320093AE0C /* HockeyKit */ = {
			isa = PBXGroup;
			children = (
				7896673C13322CC6004140D5 /* Helper */,
				7896674713322CC6004140D5 /* BWApp.h */,
				7896674813322CC6004140D5 /* BWApp.m */,
				7896674913322CC6004140D5 /* BWGlobal.h */,
				7896674A13322CC6004140D5 /* BWGlobal.m */,
				7896674B13322CC6004140D5 /* BWHockeyManager.h */,
				7896674C13322CC6004140D5 /* BWHockeyManager.m */,
				7896674D13322CC6004140D5 /* BWHockeySettingsViewController.h */,
				7896674E13322CC6004140D5 /* BWHockeySettingsViewController.m */,
				7896674F13322CC6004140D5 /* BWHockeyViewController.h */,
				7896675013322CC6004140D5 /* BWHockeyViewController.m */,
				7896675113322CC6004140D5 /* Hockey.bundle */,
			);
			name = HockeyKit;
			sourceTree = "<group>";
		};
		78BCBB2612B5323D0093AE0C /* Localization */ = {
			isa = PBXGroup;
			children = (
				78BCBB2712B5323D0093AE0C /* Localizable.strings */,
			);
			path = Localization;
			sourceTree = "<group>";
		};
		78E9B18912B449B800B32768 /* FlurryLib */ = {
			isa = PBXGroup;
			children = (
				78E9B18A12B449B800B32768 /* FlurryAdDelegate.h */,
				78E9B18B12B449B800B32768 /* FlurryAPI.h */,
				78E9B18C12B449B800B32768 /* libFlurry.a */,
			);
			name = FlurryLib;
			path = "../Flurry/iPhone v2.7 (build 42)/FlurryLib";
			sourceTree = SOURCE_ROOT;
		};
		78E9B20812B44D4300B32768 /* regexkitlite */ = {
			isa = PBXGroup;
			children = (
				78E9B20B12B44D4300B32768 /* RegexKitLite.h */,
				78E9B20D12B44D4300B32768 /* RegexKitLite.m */,
			);
			name = regexkitlite;
			path = ../regexkitlite;
			sourceTree = SOURCE_ROOT;
		};
		78E9B21212B44DDA00B32768 /* asi-http-request */ = {
			isa = PBXGroup;
			children = (
				78E9B21912B44DE400B32768 /* ASIAuthenticationDialog.h */,
				78E9B21A12B44DE400B32768 /* ASIAuthenticationDialog.m */,
				78E9B21B12B44DE400B32768 /* ASICacheDelegate.h */,
				78E9B21C12B44DE400B32768 /* ASIDataCompressor.h */,
				78E9B21D12B44DE400B32768 /* ASIDataCompressor.m */,
				78E9B21E12B44DE400B32768 /* ASIDataDecompressor.h */,
				78E9B21F12B44DE400B32768 /* ASIDataDecompressor.m */,
				78E9B22012B44DE400B32768 /* ASIDownloadCache.h */,
				78E9B22112B44DE400B32768 /* ASIDownloadCache.m */,
				78E9B22212B44DE400B32768 /* ASIFormDataRequest.h */,
				78E9B22312B44DE400B32768 /* ASIFormDataRequest.m */,
				78E9B22412B44DE400B32768 /* ASIHTTPRequest.h */,
				78E9B22512B44DE400B32768 /* ASIHTTPRequest.m */,
				78E9B22612B44DE400B32768 /* ASIHTTPRequestConfig.h */,
				78E9B22712B44DE400B32768 /* ASIHTTPRequestDelegate.h */,
				78E9B22812B44DE400B32768 /* ASIInputStream.h */,
				78E9B22912B44DE400B32768 /* ASIInputStream.m */,
				78E9B22A12B44DE400B32768 /* ASINetworkQueue.h */,
				78E9B22B12B44DE400B32768 /* ASINetworkQueue.m */,
				78E9B22C12B44DE400B32768 /* ASIProgressDelegate.h */,
			);
			name = "asi-http-request";
			sourceTree = "<group>";
		};
/* End PBXGroup section */

/* Begin PBXNativeTarget section */
		1D6058900D05DD3D006BFB54 /* PSAppTemplate */ = {
			isa = PBXNativeTarget;
			buildConfigurationList = 1D6058960D05DD3E006BFB54 /* Build configuration list for PBXNativeTarget "PSAppTemplate" */;
			buildPhases = (
				1D60588D0D05DD3D006BFB54 /* Resources */,
				1D60588E0D05DD3D006BFB54 /* Sources */,
				1D60588F0D05DD3D006BFB54 /* Frameworks */,
				7876F55A130D858500A79E01 /* ShellScript */,
			);
			buildRules = (
			);
			dependencies = (
				7856A48112B444B10025424F /* PBXTargetDependency */,
			);
			name = PSAppTemplate;
			productName = PSAppTemplate;
			productReference = 1D6058910D05DD3D006BFB54 /* AppTemplate.app */;
			productType = "com.apple.product-type.application";
		};
/* End PBXNativeTarget section */

/* Begin PBXProject section */
		29B97313FDCFA39411CA2CEA /* Project object */ = {
			isa = PBXProject;
			attributes = {
				LastUpgradeCheck = 0420;
			};
			buildConfigurationList = C01FCF4E08A954540054247B /* Build configuration list for PBXProject "PSAppTemplate" */;
			compatibilityVersion = "Xcode 3.2";
			developmentRegion = English;
			hasScannedForEncodings = 1;
			knownRegions = (
				English,
				Japanese,
				French,
				German,
				en,
			);
			mainGroup = 29B97314FDCFA39411CA2CEA /* CustomTemplate */;
			projectDirPath = "";
			projectReferences = (
				{
					ProductGroup = 7856A47412B444A80025424F /* Products */;
					ProjectRef = 7856A47312B444A80025424F /* PSFoundation.xcodeproj */;
				},
			);
			projectRoot = "";
			targets = (
				1D6058900D05DD3D006BFB54 /* PSAppTemplate */,
				7876F571130D869900A79E01 /* AdHocDistribute */,
			);
		};
/* End PBXProject section */

/* Begin PBXReferenceProxy section */
		3939D5B212CA36EA00089568 /* libPSFoundation_CoreLocation.a */ = {
			isa = PBXReferenceProxy;
			fileType = archive.ar;
			path = libPSFoundation_CoreLocation.a;
			remoteRef = 3939D5B112CA36EA00089568 /* PBXContainerItemProxy */;
			sourceTree = BUILT_PRODUCTS_DIR;
		};
		39C917C2139839D50045489C /* libPSFoundation-OSX.a */ = {
			isa = PBXReferenceProxy;
			fileType = archive.ar;
			path = "libPSFoundation-OSX.a";
			remoteRef = 39C917C1139839D50045489C /* PBXContainerItemProxy */;
			sourceTree = BUILT_PRODUCTS_DIR;
		};
		39C917C4139839D50045489C /* libPSFoundation_CoreData-OSX.a */ = {
			isa = PBXReferenceProxy;
			fileType = archive.ar;
			path = "libPSFoundation_CoreData-OSX.a";
			remoteRef = 39C917C3139839D50045489C /* PBXContainerItemProxy */;
			sourceTree = BUILT_PRODUCTS_DIR;
		};
		7856A47C12B444A80025424F /* libPSFoundation_CoreData.a */ = {
			isa = PBXReferenceProxy;
			fileType = archive.ar;
			path = libPSFoundation_CoreData.a;
			remoteRef = 7856A47B12B444A80025424F /* PBXContainerItemProxy */;
			sourceTree = BUILT_PRODUCTS_DIR;
		};
		7856A47E12B444A80025424F /* libPSFoundation.a */ = {
			isa = PBXReferenceProxy;
			fileType = archive.ar;
			path = libPSFoundation.a;
			remoteRef = 7856A47D12B444A80025424F /* PBXContainerItemProxy */;
			sourceTree = BUILT_PRODUCTS_DIR;
		};
/* End PBXReferenceProxy section */

/* Begin PBXResourcesBuildPhase section */
		1D60588D0D05DD3D006BFB54 /* Resources */ = {
			isa = PBXResourcesBuildPhase;
			buildActionMask = 2147483647;
			files = (
				7856A45412B4445C0025424F /* CrashReporter.strings in Resources */,
				78E9B2AE12B4575200B32768 /* Icon-72.png in Resources */,
				78E9B2AF12B4575200B32768 /* Icon-Small-50.png in Resources */,
				78E9B2B012B4575200B32768 /* Icon-Small.png in Resources */,
				78E9B2B112B4575200B32768 /* Icon-Small@2x.png in Resources */,
				78E9B2B212B4575200B32768 /* Icon.png in Resources */,
				78E9B2B312B4575200B32768 /* Icon@2x.png in Resources */,
				78E9B2B412B4575200B32768 /* iTunesArtwork in Resources */,
				78BCBB2A12B5323D0093AE0C /* Localizable.strings in Resources */,
				78DA473B130DD0ED00D1585D /* lolcat.png in Resources */,
				7896675C13322CC6004140D5 /* Hockey.bundle in Resources */,
				39C9181F1398E1950045489C /* Default.png in Resources */,
			);
			runOnlyForDeploymentPostprocessing = 0;
		};
/* End PBXResourcesBuildPhase section */

/* Begin PBXShellScriptBuildPhase section */
		7876F55A130D858500A79E01 /* ShellScript */ = {
			isa = PBXShellScriptBuildPhase;
			buildActionMask = 2147483647;
			files = (
			);
			inputPaths = (
			);
			outputPaths = (
			);
			runOnlyForDeploymentPostprocessing = 0;
			shellPath = /bin/sh;
			shellScript = "# increase build number for beta builds\nif [ \"$CONFIGURATION\" == \"Distribution\" ]\n\tthen /usr/bin/perl -pe 's/(BUILD_NUMBER = )(\\d+)/$1.($2+1)/eg' -i ../Xcode/buildnumber.xcconfig\nfi";
		};
		7876F578130D86A600A79E01 /* ShellScript */ = {
			isa = PBXShellScriptBuildPhase;
			buildActionMask = 2147483647;
			files = (
			);
			inputPaths = (
			);
			outputPaths = (
			);
			runOnlyForDeploymentPostprocessing = 0;
			shellPath = /bin/sh;
			shellScript = "#!/bin/sh\n\n# This has to match the name of the configuration you use for Ad-Hoc builds!\nadHocConfigurationName=\"Distribution\"\nadHocCertificate=\"iPhone Distribution: Peter Steinberger\"\nprovisioningProfilePath=\"/Users/steipete/Library/MobileDevice/Provisioning Profiles/772FFDBF-009F-497C-A043-0B354575D189.mobileprovision\"\n\nexecutableName=\"AppTemplate\"\nbundleDisplayName=\"AppTemplate\"\n\narchiveDirectoryPath=\"${PROJECT_DIR}/Releases/Beta\";\ndropboxDistributionDirectoryPath=\"\";\n\nuploadMethod=\"scp\"\n\nsecretSubDirStart='apptmpl'\n\nscpUser=\"steipete\"\nscpHost=\"petersteinberger.com\"\nscpPath=\"/var/www/pstein/blog/appstore\"\n\napplicationPath=\"${CONFIGURATION_BUILD_DIR}/$executableName.app\"\n\nif [[ \"${EFFECTIVE_PLATFORM_NAME}\" == \"-iphoneos\" && \"${BUILD_STYLE}\" == $adHocConfigurationName && -e $applicationPath ]]\nthen\n    bundleVersion=$(defaults read \"$applicationPath/Info\" CFBundleVersion)\n    bundleIdentifier=$(defaults read \"$applicationPath/Info\" CFBundleIdentifier)\n    bundleShortVersionString=$(defaults read \"$applicationPath/Info\" CFBundleShortVersionString)\n    \n    # Zip the app and dSYM\n    zipPath=\"${CONFIGURATION_BUILD_DIR}/$executableName $bundleVersion.zip\"\n    \n    zip -qr \"${CONFIGURATION_BUILD_DIR}/$executableName $bundleVersion.zip\" . -i ${CONFIGURATION_BUILD_DIR}/$executableName.app ${CONFIGURATION_BUILD_DIR}/$executableName.app.dSYM\n    \n    # Move new archive\n    if !([ -e \"$archiveDirectoryPath/$bundleIdentifier $bundleVersion.zip\" ])\n    then\n        mv \"$zipPath\" \"$archiveDirectoryPath\";\n    fi\n    \n    cd \"${CONFIGURATION_BUILD_DIR}\"\n\n    # Archive the application for Ad-Hoc distribution\n    /usr/bin/xcrun -sdk iphoneos PackageApplication \"$executableName.app\" -o \"${CONFIGURATION_BUILD_DIR}/$executableName.ipa\" --sign \"$adHocCertificate\" --embed \"$provisioningProfilePath\"\n    \n    # Generate .plist file for wireless app distribution\n    echo \"<?xml version=\\\"1.0\\\" encoding=\\\"UTF-8\\\"?>\n         <!DOCTYPE plist PUBLIC \\\"-//Apple//DTD PLIST 1.0//EN\\\" \\\"http://www.apple.com/DTDs/PropertyList-1.0.dtd\\\">\n         <plist version=\\\"1.0\\\">\n         <dict>\n            <key>items</key>\n            <array>\n                <dict>\n                    <key>assets</key>\n                    <array>\n                        <dict>\n                            <key>kind</key>\n                            <string>software-package</string>\n                            <key>url</key>\n                            <string>__URL__</string>\n                        </dict>\n                    </array>\n                    <key>metadata</key>\n                    <dict>\n                        <key>bundle-identifier</key>\n                        <string>$bundleIdentifier</string>\n                        <key>bundle-version</key>\n                        <string>$bundleVersion</string>\n                        <key>kind</key>\n                        <string>software</string>\n                        <key>title</key>\n                        <string>$bundleDisplayName</string>\n                        <key>subtitle</key>\n                        <string>$bundleShortVersionString</string>\n                    </dict>\n                </dict>\n            </array>\n         </dict>\n         </plist>\" > \"${CONFIGURATION_BUILD_DIR}/$executableName.plist\";\n    \n    # Move the archived application to Dropbox\n    cp \"$executableName.ipa\" \"$dropboxDistributionDirectoryPath/$executableName.ipa\";\n    \n    # Open Terminal and upload the .ipa and .plist files\n    if ([ \"$uploadMethod\" == \"ftp\" ])\n    then\n        echo \"Uploading $executableName.ipa and $executableName.plist to $ftpServerDirectoryPath...\";\n        \n        /usr/bin/osascript <<-EOF           \non isApplicationRunning(application)\ntell application \"System Events\" to (name of processes) contains application\nend isApplicationRunning\n\nif not (isApplicationRunning(\"Terminal\")) then\ntell application \"Terminal\"\n    launch\n    close window 1\nend tell\nend if\n\ntell application \"Terminal\"\ndo script with command \"curl -T \\\"${CONFIGURATION_BUILD_DIR}/$executableName.ipa\\\" -u $ftpUsername:$ftpPassword \\\"ftp://$ftpServerDirectoryPath/$bundleIdentifier/$executableName.ipa\\\"\"\ndo script with command \"curl -T \\\"${CONFIGURATION_BUILD_DIR}/$executableName.plist\\\" -u $ftpUsername:$ftpPassword \\\"ftp://$ftpServerDirectoryPath/$bundleIdentifier/$executableName.plist\\\"\"\nend tell\nEOF\n    elif [[ \"$uploadMethod\" == \"scp\" ]]\n    then\n        echo \"Uploading $executableName.ipa and $executableName.plist to $scpHost...\";\n        ssh $scpUser@$scpHost \"mkdir $scpPath/$bundleIdentifier/$secretSubDirStart$bundleVersion/\"\n        scp \"${CONFIGURATION_BUILD_DIR}/$executableName.ipa\" $scpUser@$scpHost:\"$scpPath/$bundleIdentifier/$secretSubDirStart$bundleVersion/\"\n        scp \"${CONFIGURATION_BUILD_DIR}/$executableName.plist\" $scpUser@$scpHost:\"$scpPath/$bundleIdentifier/$secretSubDirStart$bundleVersion/\"\n        scp \"${PROJECT_DIR}/../ReleaseNotes.html\" $scpUser@$scpHost:\"$scpPath/$bundleIdentifier/$secretSubDirStart$bundleVersion/\"\n    fi\nfi\n";
		};
/* End PBXShellScriptBuildPhase section */

/* Begin PBXSourcesBuildPhase section */
		1D60588E0D05DD3D006BFB54 /* Sources */ = {
			isa = PBXSourcesBuildPhase;
			buildActionMask = 2147483647;
			files = (
				1D60589B0D05DD56006BFB54 /* main.m in Sources */,
				1D3623260D0F684500981E51 /* AppDelegate.m in Sources */,
				28C286E10D94DF7D0034E888 /* RootViewController.m in Sources */,
				7856A45312B4445C0025424F /* CrashReportSender.m in Sources */,
				78E9B21112B44D4300B32768 /* RegexKitLite.m in Sources */,
				78E9B22D12B44DE400B32768 /* ASIAuthenticationDialog.m in Sources */,
				78E9B22E12B44DE400B32768 /* ASIDataCompressor.m in Sources */,
				78E9B22F12B44DE400B32768 /* ASIDataDecompressor.m in Sources */,
				78E9B23012B44DE400B32768 /* ASIDownloadCache.m in Sources */,
				78E9B23112B44DE400B32768 /* ASIFormDataRequest.m in Sources */,
				78E9B23212B44DE400B32768 /* ASIHTTPRequest.m in Sources */,
				78E9B23312B44DE400B32768 /* ASIInputStream.m in Sources */,
				78E9B23412B44DE400B32768 /* ASINetworkQueue.m in Sources */,
				787BC4F612DB0C6E008DC03C /* JSONKit.m in Sources */,
				7896675213322CC6004140D5 /* NSString+HockeyAdditions.m in Sources */,
				7896675313322CC6004140D5 /* PSAppStoreHeader.m in Sources */,
				7896675413322CC6004140D5 /* PSStoreButton.m in Sources */,
				7896675513322CC6004140D5 /* PSWebTableViewCell.m in Sources */,
				7896675613322CC6004140D5 /* UIImage+HockeyAdditions.m in Sources */,
				7896675713322CC6004140D5 /* BWApp.m in Sources */,
				7896675813322CC6004140D5 /* BWGlobal.m in Sources */,
				7896675913322CC6004140D5 /* BWHockeyManager.m in Sources */,
				7896675A13322CC6004140D5 /* BWHockeySettingsViewController.m in Sources */,
				7896675B13322CC6004140D5 /* BWHockeyViewController.m in Sources */,
				39C917CF13983B890045489C /* DCCrossHairView.m in Sources */,
				39C917D013983B890045489C /* DCFrameView.m in Sources */,
				39C917D113983B890045489C /* DCIntrospect.m in Sources */,
				39C917D213983B890045489C /* DCStatusBarOverlay.m in Sources */,
				39C9185B1398EBC40045489C /* PSWindow.m in Sources */,
				39F772A513B63DD9006E12AF /* PSBaseViewController.m in Sources */,
			);
			runOnlyForDeploymentPostprocessing = 0;
		};
/* End PBXSourcesBuildPhase section */

/* Begin PBXTargetDependency section */
		7856A48112B444B10025424F /* PBXTargetDependency */ = {
			isa = PBXTargetDependency;
			name = PSFoundation;
			targetProxy = 7856A48012B444B10025424F /* PBXContainerItemProxy */;
		};
		78F938DC130DD147008FA485 /* PBXTargetDependency */ = {
			isa = PBXTargetDependency;
			target = 1D6058900D05DD3D006BFB54 /* PSAppTemplate */;
			targetProxy = 78F938DB130DD147008FA485 /* PBXContainerItemProxy */;
		};
/* End PBXTargetDependency section */

/* Begin PBXVariantGroup section */
		7856A44F12B4445C0025424F /* CrashReporter.strings */ = {
			isa = PBXVariantGroup;
			children = (
				7856A45012B4445C0025424F /* English */,
				7856A45112B4445C0025424F /* German */,
			);
			name = CrashReporter.strings;
			sourceTree = "<group>";
		};
		78BCBB2712B5323D0093AE0C /* Localizable.strings */ = {
			isa = PBXVariantGroup;
			children = (
				78BCBB2812B5323D0093AE0C /* English */,
				78BCBB2912B5323D0093AE0C /* German */,
			);
			name = Localizable.strings;
			sourceTree = "<group>";
		};
/* End PBXVariantGroup section */

/* Begin XCBuildConfiguration section */
		1D6058940D05DD3E006BFB54 /* Debug */ = {
			isa = XCBuildConfiguration;
			buildSettings = {
				ALWAYS_SEARCH_USER_PATHS = NO;
				COPY_PHASE_STRIP = NO;
				FRAMEWORK_SEARCH_PATHS = (
					"$(inherited)",
					"\"$(SRCROOT)/..\"",
				);
				GCC_DYNAMIC_NO_PIC = NO;
				GCC_OPTIMIZATION_LEVEL = 0;
				GCC_PRECOMPILE_PREFIX_HEADER = YES;
				GCC_PREFIX_HEADER = Prefix.pch;
				HEADER_SEARCH_PATHS = "../PSFoundation/**";
				INFOPLIST_FILE = "Build-Info.plist";
				LIBRARY_SEARCH_PATHS = (
					"$(inherited)",
					"\"$(SRCROOT)/../Flurry/iPhone v2.7 (build 42)/FlurryLib\"",
				);
				PRODUCT_NAME = AppTemplate;
			};
			name = Debug;
		};
		1D6058950D05DD3E006BFB54 /* Distribution */ = {
			isa = XCBuildConfiguration;
			buildSettings = {
				ALWAYS_SEARCH_USER_PATHS = NO;
				COPY_PHASE_STRIP = YES;
				FRAMEWORK_SEARCH_PATHS = (
					"$(inherited)",
					"\"$(SRCROOT)/..\"",
				);
				GCC_PRECOMPILE_PREFIX_HEADER = YES;
				GCC_PREFIX_HEADER = Prefix.pch;
				INFOPLIST_FILE = "Build-Info.plist";
				LIBRARY_SEARCH_PATHS = (
					"$(inherited)",
					"\"$(SRCROOT)/../Flurry/iPhone v2.7 (build 42)/FlurryLib\"",
				);
				PRODUCT_NAME = AppTemplate;
				VALIDATE_PRODUCT = YES;
			};
			name = Distribution;
		};
		7856A42A12B442300025424F /* AppStore */ = {
			isa = XCBuildConfiguration;
			baseConfigurationReference = 7876F54C130D856A00A79E01 /* appstore.xcconfig */;
			buildSettings = {
				ARCHS = "$(ARCHS_STANDARD_32_BIT)";
				"CODE_SIGN_IDENTITY[sdk=iphoneos*]" = "iPhone Developer";
				FRAMEWORK_SEARCH_PATHS = "..//**";
				GCC_C_LANGUAGE_STANDARD = c99;
				GCC_PREPROCESSOR_DEFINITIONS = (
					"CONFIGURATION_$(CONFIGURATION)",
					APPSTORE,
				);
				"GCC_THUMB_SUPPORT[arch=armv6]" = NO;
				"GCC_THUMB_SUPPORT[arch=armv7]" = YES;
				GCC_TREAT_WARNINGS_AS_ERRORS = YES;
				GCC_VERSION = com.apple.compilers.llvm.clang.1_0;
				GCC_WARN_ABOUT_MISSING_PROTOTYPES = YES;
				GCC_WARN_ABOUT_RETURN_TYPE = YES;
				GCC_WARN_CHECK_SWITCH_STATEMENTS = YES;
				GCC_WARN_FOUR_CHARACTER_CONSTANTS = YES;
				GCC_WARN_MISSING_PARENTHESES = YES;
				GCC_WARN_SHADOW = YES;
				GCC_WARN_UNDECLARED_SELECTOR = YES;
				GCC_WARN_UNUSED_LABEL = YES;
				GCC_WARN_UNUSED_VALUE = YES;
				GCC_WARN_UNUSED_VARIABLE = YES;
				HEADER_SEARCH_PATHS = "../PSFoundation/**";
				IPHONEOS_DEPLOYMENT_TARGET = 4.0;
				OTHER_CFLAGS = "-DNS_BLOCK_ASSERTIONS=1";
				OTHER_LDFLAGS = "-all_load";
				RUN_CLANG_STATIC_ANALYZER = YES;
				SDKROOT = iphoneos;
				VALIDATE_PRODUCT = YES;
			};
			name = AppStore;
		};
		7856A42B12B442300025424F /* AppStore */ = {
			isa = XCBuildConfiguration;
			buildSettings = {
				ALWAYS_SEARCH_USER_PATHS = NO;
				COPY_PHASE_STRIP = YES;
				DEPLOYMENT_POSTPROCESSING = YES;
				FRAMEWORK_SEARCH_PATHS = (
					"$(inherited)",
					"\"$(SRCROOT)/..\"",
				);
				GCC_PRECOMPILE_PREFIX_HEADER = YES;
				GCC_PREFIX_HEADER = Prefix.pch;
				INFOPLIST_FILE = Info.plist;
				LIBRARY_SEARCH_PATHS = (
					"$(inherited)",
					"\"$(SRCROOT)/../Flurry/iPhone v2.7 (build 42)/FlurryLib\"",
				);
				PRODUCT_NAME = AppTemplate;
				STRIP_INSTALLED_PRODUCT = YES;
				VALIDATE_PRODUCT = YES;
			};
			name = AppStore;
		};
		7876F572130D869A00A79E01 /* Debug */ = {
			isa = XCBuildConfiguration;
			buildSettings = {
				COPY_PHASE_STRIP = NO;
				GCC_DYNAMIC_NO_PIC = NO;
				GCC_OPTIMIZATION_LEVEL = 0;
				PRODUCT_NAME = AdHocDistribute;
			};
			name = Debug;
		};
		7876F573130D869A00A79E01 /* Distribution */ = {
			isa = XCBuildConfiguration;
			buildSettings = {
				PRODUCT_NAME = AdHocDistribute;
			};
			name = Distribution;
		};
		7876F574130D869A00A79E01 /* AppStore */ = {
			isa = XCBuildConfiguration;
			buildSettings = {
				PRODUCT_NAME = AdHocDistribute;
			};
			name = AppStore;
		};
		C01FCF4F08A954540054247B /* Debug */ = {
			isa = XCBuildConfiguration;
			baseConfigurationReference = 7876F54F130D856A00A79E01 /* debug.xcconfig */;
			buildSettings = {
				ARCHS = "$(ARCHS_STANDARD_32_BIT)";
				"CODE_SIGN_IDENTITY[sdk=iphoneos*]" = "iPhone Developer";
				FRAMEWORK_SEARCH_PATHS = "..//**";
				GCC_C_LANGUAGE_STANDARD = c99;
				GCC_PREPROCESSOR_DEFINITIONS = (
					"CONFIGURATION_$(CONFIGURATION)",
					DEBUG,
				);
				"GCC_THUMB_SUPPORT[arch=armv6]" = NO;
				"GCC_THUMB_SUPPORT[arch=armv7]" = YES;
				GCC_TREAT_WARNINGS_AS_ERRORS = YES;
				GCC_VERSION = com.apple.compilers.llvm.clang.1_0;
				GCC_WARN_ABOUT_MISSING_PROTOTYPES = YES;
				GCC_WARN_ABOUT_RETURN_TYPE = YES;
				GCC_WARN_CHECK_SWITCH_STATEMENTS = YES;
				GCC_WARN_FOUR_CHARACTER_CONSTANTS = YES;
				GCC_WARN_MISSING_PARENTHESES = YES;
				GCC_WARN_SHADOW = YES;
				GCC_WARN_UNDECLARED_SELECTOR = YES;
				GCC_WARN_UNUSED_LABEL = YES;
				GCC_WARN_UNUSED_VALUE = YES;
				GCC_WARN_UNUSED_VARIABLE = YES;
				HEADER_SEARCH_PATHS = (
					"../TapkuLibrary/**",
					"../PSFoundation/**",
				);
				IPHONEOS_DEPLOYMENT_TARGET = 4.0;
				OTHER_LDFLAGS = "-all_load";
				RUN_CLANG_STATIC_ANALYZER = NO;
				SDKROOT = iphoneos;
			};
			name = Debug;
		};
		C01FCF5008A954540054247B /* Distribution */ = {
			isa = XCBuildConfiguration;
			baseConfigurationReference = 7876F550130D856A00A79E01 /* distribution.xcconfig */;
			buildSettings = {
				ARCHS = "$(ARCHS_STANDARD_32_BIT)";
				"CODE_SIGN_IDENTITY[sdk=iphoneos*]" = "iPhone Distribution: Peter Steinberger";
				FRAMEWORK_SEARCH_PATHS = "..//**";
				GCC_C_LANGUAGE_STANDARD = c99;
				GCC_PREPROCESSOR_DEFINITIONS = (
					"CONFIGURATION_$(CONFIGURATION)",
					DISTRIBUTION,
				);
				"GCC_THUMB_SUPPORT[arch=armv6]" = NO;
				"GCC_THUMB_SUPPORT[arch=armv7]" = YES;
				GCC_TREAT_WARNINGS_AS_ERRORS = YES;
				GCC_VERSION = com.apple.compilers.llvm.clang.1_0;
				GCC_WARN_ABOUT_MISSING_PROTOTYPES = YES;
				GCC_WARN_ABOUT_RETURN_TYPE = YES;
				GCC_WARN_CHECK_SWITCH_STATEMENTS = YES;
				GCC_WARN_FOUR_CHARACTER_CONSTANTS = YES;
				GCC_WARN_MISSING_PARENTHESES = YES;
				GCC_WARN_SHADOW = YES;
				GCC_WARN_UNDECLARED_SELECTOR = YES;
				GCC_WARN_UNUSED_LABEL = YES;
				GCC_WARN_UNUSED_VALUE = YES;
				GCC_WARN_UNUSED_VARIABLE = YES;
				HEADER_SEARCH_PATHS = "../PSFoundation/**";
				IPHONEOS_DEPLOYMENT_TARGET = 4.0;
				OTHER_CFLAGS = "-DNS_BLOCK_ASSERTIONS=1";
				OTHER_LDFLAGS = "-all_load";
				"PROVISIONING_PROFILE[sdk=iphoneos*]" = "772FFDBF-009F-497C-A043-0B354575D189";
				SDKROOT = iphoneos;
			};
			name = Distribution;
		};
/* End XCBuildConfiguration section */

/* Begin XCConfigurationList section */
		1D6058960D05DD3E006BFB54 /* Build configuration list for PBXNativeTarget "PSAppTemplate" */ = {
			isa = XCConfigurationList;
			buildConfigurations = (
				1D6058940D05DD3E006BFB54 /* Debug */,
				1D6058950D05DD3E006BFB54 /* Distribution */,
				7856A42B12B442300025424F /* AppStore */,
			);
			defaultConfigurationIsVisible = 0;
			defaultConfigurationName = Distribution;
		};
		7876F579130D86B900A79E01 /* Build configuration list for PBXAggregateTarget "AdHocDistribute" */ = {
			isa = XCConfigurationList;
			buildConfigurations = (
				7876F572130D869A00A79E01 /* Debug */,
				7876F573130D869A00A79E01 /* Distribution */,
				7876F574130D869A00A79E01 /* AppStore */,
			);
			defaultConfigurationIsVisible = 0;
			defaultConfigurationName = Distribution;
		};
		C01FCF4E08A954540054247B /* Build configuration list for PBXProject "PSAppTemplate" */ = {
			isa = XCConfigurationList;
			buildConfigurations = (
				C01FCF4F08A954540054247B /* Debug */,
				C01FCF5008A954540054247B /* Distribution */,
				7856A42A12B442300025424F /* AppStore */,
			);
			defaultConfigurationIsVisible = 0;
			defaultConfigurationName = Distribution;
		};
/* End XCConfigurationList section */
	};
	rootObject = 29B97313FDCFA39411CA2CEA /* Project object */;
}
